lockfileVersion: '6.0'

settings:
  autoInstallPeers: true
  excludeLinksFromLockfile: false

dependencies:
  csv:
    specifier: ^6.3.5
    version: 6.3.5

packages:

  /csv-generate@4.3.0:
    resolution: {integrity: sha512-7KdVId/2RgwPIKfWHaHtjBq7I9mgdi8ICzsUyIhP8is6UwpwVGGSC/aPnrZ8/SkgBcCP20lXrdPuP64Irs1VBg==}
    dev: false

  /csv-parse@5.5.2:
    resolution: {integrity: sha512-YRVtvdtUNXZCMyK5zd5Wty1W6dNTpGKdqQd4EQ8tl/c6KW1aMBB1Kg1ppky5FONKmEqGJ/8WjLlTNLPne4ioVA==}
    dev: false

  /csv-stringify@6.4.4:
    resolution: {integrity: sha512-NDshLupGa7gp4UG4sSNIqwYJqgSwvds0SvENntxoVoVvTzXcrHvd5gG2MWpbRpSNvk59dlmIe1IwNvSxN4IVmg==}
    dev: false

  /csv@6.3.5:
    resolution: {integrity: sha512-Y+KTCAUljtq2JaGP42ZL1bymqlU5BkfnFpZhxRczGFDZox2VXhlRHnG5DRshyUrwQzmCdEiLjSqNldCfm1OVCA==}
    engines: {node: '>= 0.1.90'}
    dependencies:
      csv-generate: 4.3.0
      csv-parse: 5.5.2
      csv-stringify: 6.4.4
      stream-transform: 3.2.10
    dev: false

  /stream-transform@3.2.10:
    resolution: {integrity: sha512-Yu+x7zcWbWdyB0Td8dFzHt2JEyD6694CNq2lqh1rbuEBVxPtjb/GZ7xDnZcdYiU5E/RtufM54ClSEOzZDeWguA==}
    dev: false
